
Microsoft Visual Studio Solution File, Format Version 12.00
# Visual Studio Version 17
VisualStudioVersion = 17.0.31903.59
MinimumVisualStudioVersion = 10.0.40219.1
Project("{FAE04EC0-301F-11D3-BF4B-00C04F79EFBC}") = "ProductsMicroService.API", "ProductsMicroService.API\ProductsMicroService.API.csproj", "{0B199752-5047-4F02-B605-1BC5C1EA65E6}"
EndProject
Project("{FAE04EC0-301F-11D3-BF4B-00C04F79EFBC}") = "BusinessLogicLayer", "BusinessLogicLayer\BusinessLogicLayer.csproj", "{33DB3341-9D3B-4EB5-901F-1E255B42BAD5}"
EndProject
Project("{FAE04EC0-301F-11D3-BF4B-00C04F79EFBC}") = "DataAccessLayer", "DataAccessLayer\DataAccessLayer.csproj", "{E9458767-B665-460B-89E4-756BB56928D1}"
EndProject
Global
	GlobalSection(SolutionConfigurationPlatforms) = preSolution
		Debug|Any CPU = Debug|Any CPU
		Release|Any CPU = Release|Any CPU
	EndGlobalSection
	GlobalSection(ProjectConfigurationPlatforms) = postSolution
		{0B199752-5047-4F02-B605-1BC5C1EA65E6}.Debug|Any CPU.ActiveCfg = Debug|Any CPU
		{0B199752-5047-4F02-B605-1BC5C1EA65E6}.Debug|Any CPU.Build.0 = Debug|Any CPU
		{0B199752-5047-4F02-B605-1BC5C1EA65E6}.Release|Any CPU.ActiveCfg = Release|Any CPU
		{0B199752-5047-4F02-B605-1BC5C1EA65E6}.Release|Any CPU.Build.0 = Release|Any CPU
		{33DB3341-9D3B-4EB5-901F-1E255B42BAD5}.Debug|Any CPU.ActiveCfg = Debug|Any CPU
		{33DB3341-9D3B-4EB5-901F-1E255B42BAD5}.Debug|Any CPU.Build.0 = Debug|Any CPU
		{33DB3341-9D3B-4EB5-901F-1E255B42BAD5}.Release|Any CPU.ActiveCfg = Release|Any CPU
		{33DB3341-9D3B-4EB5-901F-1E255B42BAD5}.Release|Any CPU.Build.0 = Release|Any CPU
		{E9458767-B665-460B-89E4-756BB56928D1}.Debug|Any CPU.ActiveCfg = Debug|Any CPU
		{E9458767-B665-460B-89E4-756BB56928D1}.Debug|Any CPU.Build.0 = Debug|Any CPU
		{E9458767-B665-460B-89E4-756BB56928D1}.Release|Any CPU.ActiveCfg = Release|Any CPU
		{E9458767-B665-460B-89E4-756BB56928D1}.Release|Any CPU.Build.0 = Release|Any CPU
	EndGlobalSection
	GlobalSection(SolutionProperties) = preSolution
		HideSolutionNode = FALSE
	EndGlobalSection
EndGlobal
